
Microsoft Visual Studio Solution File, Format Version 12.00
# Visual Studio Version 16
VisualStudioVersion = 16.0.30523.141
MinimumVisualStudioVersion = 10.0.40219.1
Project("{FAE04EC0-301F-11D3-BF4B-00C04F79EFBC}") = "Scheduling", "Scheduling\Scheduling.csproj", "{8D6D44CE-42F9-471C-AA86-9FD5C758E2E5}"
EndProject
Project("{FAE04EC0-301F-11D3-BF4B-00C04F79EFBC}") = "Garden", "Garden\Garden.csproj", "{16B0518E-CD5B-4A29-BFE0-60E64DFCCB24}"
EndProject
Project("{FAE04EC0-301F-11D3-BF4B-00C04F79EFBC}") = "ClassroomProject", "ClassroomProject\ClassroomProject.csproj", "{C3858E4F-B1A8-496E-8B54-A7380EAB9634}"
EndProject
Global
	GlobalSection(SolutionConfigurationPlatforms) = preSolution
		Debug|Any CPU = Debug|Any CPU
		Release|Any CPU = Release|Any CPU
	EndGlobalSection
	GlobalSection(ProjectConfigurationPlatforms) = postSolution
		{8D6D44CE-42F9-471C-AA86-9FD5C758E2E5}.Debug|Any CPU.ActiveCfg = Debug|Any CPU
		{8D6D44CE-42F9-471C-AA86-9FD5C758E2E5}.Debug|Any CPU.Build.0 = Debug|Any CPU
		{8D6D44CE-42F9-471C-AA86-9FD5C758E2E5}.Release|Any CPU.ActiveCfg = Release|Any CPU
		{8D6D44CE-42F9-471C-AA86-9FD5C758E2E5}.Release|Any CPU.Build.0 = Release|Any CPU
		{16B0518E-CD5B-4A29-BFE0-60E64DFCCB24}.Debug|Any CPU.ActiveCfg = Debug|Any CPU
		{16B0518E-CD5B-4A29-BFE0-60E64DFCCB24}.Debug|Any CPU.Build.0 = Debug|Any CPU
		{16B0518E-CD5B-4A29-BFE0-60E64DFCCB24}.Release|Any CPU.ActiveCfg = Release|Any CPU
		{16B0518E-CD5B-4A29-BFE0-60E64DFCCB24}.Release|Any CPU.Build.0 = Release|Any CPU
		{C3858E4F-B1A8-496E-8B54-A7380EAB9634}.Debug|Any CPU.ActiveCfg = Debug|Any CPU
		{C3858E4F-B1A8-496E-8B54-A7380EAB9634}.Debug|Any CPU.Build.0 = Debug|Any CPU
		{C3858E4F-B1A8-496E-8B54-A7380EAB9634}.Release|Any CPU.ActiveCfg = Release|Any CPU
		{C3858E4F-B1A8-496E-8B54-A7380EAB9634}.Release|Any CPU.Build.0 = Release|Any CPU
	EndGlobalSection
	GlobalSection(SolutionProperties) = preSolution
		HideSolutionNode = FALSE
	EndGlobalSection
	GlobalSection(ExtensibilityGlobals) = postSolution
		SolutionGuid = {127B819A-6D35-41A7-98F4-B360F452BE61}
	EndGlobalSection
EndGlobal
