
Microsoft Visual Studio Solution File, Format Version 12.00
# Visual Studio Version 16
VisualStudioVersion = 16.0.30523.141
MinimumVisualStudioVersion = 10.0.40219.1
Project("{FAE04EC0-301F-11D3-BF4B-00C04F79EFBC}") = "BoxOfT", "BoxOfT\BoxOfT.csproj", "{0A94CABB-E2F9-404D-892C-6839100452DF}"
EndProject
Project("{FAE04EC0-301F-11D3-BF4B-00C04F79EFBC}") = "GenericArrayCreator", "GenericArrayCreator\GenericArrayCreator.csproj", "{89F9028A-42F6-4F62-B9B0-CC16F83D367B}"
EndProject
Project("{FAE04EC0-301F-11D3-BF4B-00C04F79EFBC}") = "GenericScale", "GenericScale\GenericScale.csproj", "{AAE7A7BF-C326-47A7-B17C-28ED77349454}"
EndProject
Global
	GlobalSection(SolutionConfigurationPlatforms) = preSolution
		Debug|Any CPU = Debug|Any CPU
		Release|Any CPU = Release|Any CPU
	EndGlobalSection
	GlobalSection(ProjectConfigurationPlatforms) = postSolution
		{0A94CABB-E2F9-404D-892C-6839100452DF}.Debug|Any CPU.ActiveCfg = Debug|Any CPU
		{0A94CABB-E2F9-404D-892C-6839100452DF}.Debug|Any CPU.Build.0 = Debug|Any CPU
		{0A94CABB-E2F9-404D-892C-6839100452DF}.Release|Any CPU.ActiveCfg = Release|Any CPU
		{0A94CABB-E2F9-404D-892C-6839100452DF}.Release|Any CPU.Build.0 = Release|Any CPU
		{89F9028A-42F6-4F62-B9B0-CC16F83D367B}.Debug|Any CPU.ActiveCfg = Debug|Any CPU
		{89F9028A-42F6-4F62-B9B0-CC16F83D367B}.Debug|Any CPU.Build.0 = Debug|Any CPU
		{89F9028A-42F6-4F62-B9B0-CC16F83D367B}.Release|Any CPU.ActiveCfg = Release|Any CPU
		{89F9028A-42F6-4F62-B9B0-CC16F83D367B}.Release|Any CPU.Build.0 = Release|Any CPU
		{AAE7A7BF-C326-47A7-B17C-28ED77349454}.Debug|Any CPU.ActiveCfg = Debug|Any CPU
		{AAE7A7BF-C326-47A7-B17C-28ED77349454}.Debug|Any CPU.Build.0 = Debug|Any CPU
		{AAE7A7BF-C326-47A7-B17C-28ED77349454}.Release|Any CPU.ActiveCfg = Release|Any CPU
		{AAE7A7BF-C326-47A7-B17C-28ED77349454}.Release|Any CPU.Build.0 = Release|Any CPU
	EndGlobalSection
	GlobalSection(SolutionProperties) = preSolution
		HideSolutionNode = FALSE
	EndGlobalSection
	GlobalSection(ExtensibilityGlobals) = postSolution
		SolutionGuid = {C4059E9B-EB83-48BE-8BEE-5010D214FFD8}
	EndGlobalSection
EndGlobal
